// !$*UTF8*$!
{
	archiveVersion = 1;
	classes = {
	};
	objectVersion = 110;
	objects = {

/* Begin PBXBuildFile section */
		7A1C00000000000000000002 /* mexicali in Resources */ = {isa = PBXBuildFile; fileRef = 7A1C00000000000000000001 /* mexicali */; };
		7A1C00000000000000000012 /* mexicali2 in Resources */ = {isa = PBXBuildFile; fileRef = 7A1C00000000000000000011 /* mexicali2 */; };
		7A1C00000000000000000021 /* ZIPFoundation in Frameworks */ = {isa = PBXBuildFile; productRef = 7A1C00000000000000000022 /* ZIPFoundation */; };
/* End PBXBuildFile section */

/* Begin PBXContainerItemProxy section */
		7A1C0000000000000000000C /* PBXContainerItemProxy */ = {
			isa = PBXContainerItemProxy;
			containerPortal = 9496BA02307738690006CB39 /* Project object */;
			proxyType = 1;
			remoteGlobalIDString = 9496BA09307738690006CB39;
			remoteInfo = WalkAndTalk;
		};
/* End PBXContainerItemProxy section */

/* Begin PBXFileReference section */
		7A1C00000000000000000001 /* mexicali */ = {isa = PBXFileReference; lastKnownFileType = folder; name = mexicali; path = ../../tours/mexicali; sourceTree = SOURCE_ROOT; };
		7A1C00000000000000000004 /* mexicali2-walk.gpx */ = {isa = PBXFileReference; lastKnownFileType = text.xml; path = "mexicali2-walk.gpx"; sourceTree = "<group>"; };
		7A1C00000000000000000005 /* mexicali2-quick.gpx */ = {isa = PBXFileReference; lastKnownFileType = text.xml; path = "mexicali2-quick.gpx"; sourceTree = "<group>"; };
		7A1C00000000000000000007 /* WalkAndTalkTests.xctest */ = {isa = PBXFileReference; explicitFileType = wrapper.cfbundle; includeInIndex = 0; path = WalkAndTalkTests.xctest; sourceTree = BUILT_PRODUCTS_DIR; };
		7A1C00000000000000000011 /* mexicali2 */ = {isa = PBXFileReference; lastKnownFileType = folder; name = mexicali2; path = ../../tours/mexicali2; sourceTree = SOURCE_ROOT; };
		9496BA0A307738690006CB39 /* WalkAndTalk.app */ = {isa = PBXFileReference; explicitFileType = wrapper.application; includeInIndex = 0; path = WalkAndTalk.app; sourceTree = BUILT_PRODUCTS_DIR; };
/* End PBXFileReference section */

/* Begin PBXFileSystemSynchronizedBuildFileExceptionSet section */
		9496BA1930773D640006CB39 /* Exceptions for "WalkAndTalk" folder in "WalkAndTalk" target */ = {
			isa = PBXFileSystemSynchronizedBuildFileExceptionSet;
			membershipExceptions = (
				Info.plist,
			);
			target = 9496BA09307738690006CB39 /* WalkAndTalk */;
		};
		9496BAF430787A720006CB39 /* Exceptions for "WalkAndTalk" folder in "WalkAndTalkTests" target */ = {
			isa = PBXFileSystemSynchronizedBuildFileExceptionSet;
			membershipExceptions = (
				"mexicali2/audio/01-parque-gran-hacienda.m4a",
				"mexicali2/audio/02-parque-magica.m4a",
				"mexicali2/audio/03-juventud-2000.m4a",
				"mexicali2/audio/04-jardines-de-cecyte-xochimilco.m4a",
				"mexicali2/audio/05-parque-hacienda-del-real.m4a",
				mexicali2/build_log.txt,
				mexicali2/tour.json,
			);
			target = 7A1C00000000000000000008 /* WalkAndTalkTests */;
		};
/* End PBXFileSystemSynchronizedBuildFileExceptionSet section */

/* Begin PBXFileSystemSynchronizedRootGroup section */
		7A1C00000000000000000006 /* WalkAndTalkTests */ = {
			isa = PBXFileSystemSynchronizedRootGroup;
			path = WalkAndTalkTests;
			sourceTree = "<group>";
		};
		9496BA0C307738690006CB39 /* WalkAndTalk */ = {
			isa = PBXFileSystemSynchronizedRootGroup;
			exceptions = (
				9496BA1930773D640006CB39 /* Exceptions for "WalkAndTalk" folder in "WalkAndTalk" target */,
				9496BAF430787A720006CB39 /* Exceptions for "WalkAndTalk" folder in "WalkAndTalkTests" target */,
			);
			path = WalkAndTalk;
			sourceTree = "<group>";
		};
/* End PBXFileSystemSynchronizedRootGroup section */

/* Begin PBXFrameworksBuildPhase section */
		7A1C0000000000000000000A /* Frameworks */ = {
			isa = PBXFrameworksBuildPhase;
			files = (
			);
		};
		9496BA07307738690006CB39 /* Frameworks */ = {
			isa = PBXFrameworksBuildPhase;
			files = (
				7A1C00000000000000000021 /* ZIPFoundation in Frameworks */,
			);
		};
/* End PBXFrameworksBuildPhase section */

/* Begin PBXGroup section */
		7A1C00000000000000000003 /* GPX */ = {
			isa = PBXGroup;
			children = (
				7A1C00000000000000000004 /* mexicali2-walk.gpx */,
				7A1C00000000000000000005 /* mexicali2-quick.gpx */,
			);
			path = GPX;
			sourceTree = "<group>";
		};
		9496BA01307738690006CB39 = {
			isa = PBXGroup;
			children = (
				9496BA0C307738690006CB39 /* WalkAndTalk */,
				7A1C00000000000000000006 /* WalkAndTalkTests */,
				7A1C00000000000000000001 /* mexicali */,
				7A1C00000000000000000011 /* mexicali2 */,
				7A1C00000000000000000003 /* GPX */,
				9496BA0B307738690006CB39 /* Products */,
			);
			sourceTree = "<group>";
		};
		9496BA0B307738690006CB39 /* Products */ = {
			isa = PBXGroup;
			children = (
				9496BA0A307738690006CB39 /* WalkAndTalk.app */,
				7A1C00000000000000000007 /* WalkAndTalkTests.xctest */,
			);
			name = Products;
			sourceTree = "<group>";
		};
/* End PBXGroup section */

/* Begin PBXNativeTarget section */
		7A1C00000000000000000008 /* WalkAndTalkTests */ = {
			isa = PBXNativeTarget;
			buildConfigurationList = 7A1C0000000000000000000E /* Build configuration list for PBXNativeTarget "WalkAndTalkTests" */;
			buildPhases = (
				7A1C00000000000000000009 /* Sources */,
				7A1C0000000000000000000A /* Frameworks */,
				7A1C0000000000000000000B /* Resources */,
			);
			buildRules = (
			);
			dependencies = (
				7A1C0000000000000000000D /* PBXTargetDependency */,
			);
			fileSystemSynchronizedGroups = (
				7A1C00000000000000000006 /* WalkAndTalkTests */,
			);
			name = WalkAndTalkTests;
			productName = WalkAndTalkTests;
			productReference = 7A1C00000000000000000007 /* WalkAndTalkTests.xctest */;
			productType = "com.apple.product-type.bundle.unit-test";
		};
		9496BA09307738690006CB39 /* WalkAndTalk */ = {
			isa = PBXNativeTarget;
			buildConfigurationList = 9496BA153077386A0006CB39 /* Build configuration list for PBXNativeTarget "WalkAndTalk" */;
			buildPhases = (
				9496BA06307738690006CB39 /* Sources */,
				9496BA07307738690006CB39 /* Frameworks */,
				9496BA08307738690006CB39 /* Resources */,
			);
			buildRules = (
			);
			fileSystemSynchronizedGroups = (
				9496BA0C307738690006CB39 /* WalkAndTalk */,
			);
			name = WalkAndTalk;
			packageProductDependencies = (
				7A1C00000000000000000022 /* ZIPFoundation */,
			);
			productName = WalkAndTalk;
			productReference = 9496BA0A307738690006CB39 /* WalkAndTalk.app */;
			productType = "com.apple.product-type.application";
		};
/* End PBXNativeTarget section */

/* Begin PBXProject section */
		9496BA02307738690006CB39 /* Project object */ = {
			isa = PBXProject;
			attributes = {
				BuildIndependentTargetsInParallel = 1;
				LastSwiftUpdateCheck = 2700;
				LastUpgradeCheck = 2700;
				TargetAttributes = {
					7A1C00000000000000000008 = {
						CreatedOnToolsVersion = 27.0;
						TestTargetID = 9496BA09307738690006CB39;
					};
					9496BA09307738690006CB39 = {
						CreatedOnToolsVersion = 27.0;
					};
				};
			};
			buildConfigurationList = 9496BA05307738690006CB39 /* Build configuration list for PBXProject "WalkAndTalk" */;
			developmentRegion = en;
			hasScannedForEncodings = 0;
			knownRegions = (
				en,
				Base,
			);
			mainGroup = 9496BA01307738690006CB39;
			minimizedProjectReferenceProxies = 1;
			packageReferences = (
				7A1C00000000000000000020 /* XCRemoteSwiftPackageReference "ZIPFoundation" */,
			);
			preferredProjectObjectVersion = 77;
			productRefGroup = 9496BA0B307738690006CB39 /* Products */;
			projectDirPath = "";
			projectRoot = "";
			targets = (
				9496BA09307738690006CB39 /* WalkAndTalk */,
				7A1C00000000000000000008 /* WalkAndTalkTests */,
			);
		};
/* End PBXProject section */

/* Begin PBXResourcesBuildPhase section */
		7A1C0000000000000000000B /* Resources */ = {
			isa = PBXResourcesBuildPhase;
			files = (
			);
		};
		9496BA08307738690006CB39 /* Resources */ = {
			isa = PBXResourcesBuildPhase;
			files = (
				7A1C00000000000000000002 /* mexicali in Resources */,
				7A1C00000000000000000012 /* mexicali2 in Resources */,
			);
		};
/* End PBXResourcesBuildPhase section */

/* Begin PBXSourcesBuildPhase section */
		7A1C00000000000000000009 /* Sources */ = {
			isa = PBXSourcesBuildPhase;
			files = (
			);
		};
		9496BA06307738690006CB39 /* Sources */ = {
			isa = PBXSourcesBuildPhase;
			files = (
			);
		};
/* End PBXSourcesBuildPhase section */

/* Begin PBXTargetDependency section */
		7A1C0000000000000000000D /* PBXTargetDependency */ = {
			isa = PBXTargetDependency;
			target = 9496BA09307738690006CB39 /* WalkAndTalk */;
			targetProxy = 7A1C0000000000000000000C /* PBXContainerItemProxy */;
		};
/* End PBXTargetDependency section */

/* Begin XCBuildConfiguration section */
		7A1C0000000000000000000F /* Debug configuration for PBXNativeTarget "WalkAndTalkTests" */ = {
			isa = XCBuildConfiguration;
			buildSettings = {
				BUNDLE_LOADER = "$(TEST_HOST)";
				CODE_SIGN_STYLE = Automatic;
				CURRENT_PROJECT_VERSION = 1;
				DEVELOPMENT_TEAM = HYZ2GHP9BH;
				GENERATE_INFOPLIST_FILE = YES;
				IPHONEOS_DEPLOYMENT_TARGET = 17.0;
				MARKETING_VERSION = 1.0;
				PRODUCT_BUNDLE_IDENTIFIER = com.MEGdev.WalkAndTalkTests;
				PRODUCT_NAME = "$(TARGET_NAME)";
				SWIFT_APPROACHABLE_CONCURRENCY = YES;
				SWIFT_EMIT_LOC_STRINGS = NO;
				SWIFT_UPCOMING_FEATURE_MEMBER_IMPORT_VISIBILITY = YES;
				SWIFT_VERSION = 5.0;
				TARGETED_DEVICE_FAMILY = "1,2";
				TEST_HOST = "$(BUILT_PRODUCTS_DIR)/WalkAndTalk.app/$(BUNDLE_EXECUTABLE_FOLDER_PATH)/WalkAndTalk";
			};
			name = Debug;
		};
		7A1C00000000000000000010 /* Release configuration for PBXNativeTarget "WalkAndTalkTests" */ = {
			isa = XCBuildConfiguration;
			buildSettings = {
				BUNDLE_LOADER = "$(TEST_HOST)";
				CODE_SIGN_STYLE = Automatic;
				CURRENT_PROJECT_VERSION = 1;
				DEVELOPMENT_TEAM = HYZ2GHP9BH;
				GENERATE_INFOPLIST_FILE = YES;
				IPHONEOS_DEPLOYMENT_TARGET = 17.0;
				MARKETING_VERSION = 1.0;
				PRODUCT_BUNDLE_IDENTIFIER = com.MEGdev.WalkAndTalkTests;
				PRODUCT_NAME = "$(TARGET_NAME)";
				SWIFT_APPROACHABLE_CONCURRENCY = YES;
				SWIFT_EMIT_LOC_STRINGS = NO;
				SWIFT_UPCOMING_FEATURE_MEMBER_IMPORT_VISIBILITY = YES;
				SWIFT_VERSION = 5.0;
				TARGETED_DEVICE_FAMILY = "1,2";
				TEST_HOST = "$(BUILT_PRODUCTS_DIR)/WalkAndTalk.app/$(BUNDLE_EXECUTABLE_FOLDER_PATH)/WalkAndTalk";
			};
			name = Release;
		};
		9496BA133077386A0006CB39 /* Debug configuration for PBXProject "WalkAndTalk" */ = {
			isa = XCBuildConfiguration;
			buildSettings = {
				ALWAYS_SEARCH_USER_PATHS = NO;
				ASSETCATALOG_COMPILER_GENERATE_SWIFT_ASSET_SYMBOL_EXTENSIONS = YES;
				CLANG_ANALYZER_NONNULL = YES;
				CLANG_ANALYZER_NUMBER_OBJECT_CONVERSION = YES_AGGRESSIVE;
				CLANG_CXX_LANGUAGE_STANDARD = "gnu++20";
				CLANG_ENABLE_MODULES = YES;
				CLANG_ENABLE_OBJC_ARC = YES;
				CLANG_ENABLE_OBJC_WEAK = YES;
				CLANG_WARN_BLOCK_CAPTURE_AUTORELEASING = YES;
				CLANG_WARN_BOOL_CONVERSION = YES;
				CLANG_WARN_COMMA = YES;
				CLANG_WARN_CONSTANT_CONVERSION = YES;
				CLANG_WARN_DEPRECATED_OBJC_IMPLEMENTATIONS = YES;
				CLANG_WARN_DIRECT_OBJC_ISA_USAGE = YES_ERROR;
				CLANG_WARN_DOCUMENTATION_COMMENTS = YES;
				CLANG_WARN_EMPTY_BODY = YES;
				CLANG_WARN_ENUM_CONVERSION = YES;
				CLANG_WARN_INFINITE_RECURSION = YES;
				CLANG_WARN_INT_CONVERSION = YES;
				CLANG_WARN_NON_LITERAL_NULL_CONVERSION = YES;
				CLANG_WARN_OBJC_IMPLICIT_RETAIN_SELF = YES;
				CLANG_WARN_OBJC_LITERAL_CONVERSION = YES;
				CLANG_WARN_OBJC_ROOT_CLASS = YES_ERROR;
				CLANG_WARN_QUOTED_INCLUDE_IN_FRAMEWORK_HEADER = YES;
				CLANG_WARN_RANGE_LOOP_ANALYSIS = YES;
				CLANG_WARN_STRICT_PROTOTYPES = YES;
				CLANG_WARN_SUSPICIOUS_MOVE = YES;
				CLANG_WARN_UNGUARDED_AVAILABILITY = YES_AGGRESSIVE;
				CLANG_WARN_UNREACHABLE_CODE = YES;
				CLANG_WARN__DUPLICATE_METHOD_MATCH = YES;
				COPY_PHASE_STRIP = NO;
				DEBUG_INFORMATION_FORMAT = dwarf;
				DEVELOPMENT_TEAM = HYZ2GHP9BH;
				ENABLE_STRICT_OBJC_MSGSEND = YES;
				ENABLE_TESTABILITY = YES;
				ENABLE_USER_SCRIPT_SANDBOXING = YES;
				GCC_C_LANGUAGE_STANDARD = gnu17;
				GCC_DYNAMIC_NO_PIC = NO;
				GCC_NO_COMMON_BLOCKS = YES;
				GCC_OPTIMIZATION_LEVEL = 0;
				GCC_PREPROCESSOR_DEFINITIONS = (
					"DEBUG=1",
					"$(inherited)",
				);
				GCC_WARN_64_TO_32_BIT_CONVERSION = YES;
				GCC_WARN_ABOUT_RETURN_TYPE = YES_ERROR;
				GCC_WARN_UNDECLARED_SELECTOR = YES;
				GCC_WARN_UNINITIALIZED_AUTOS = YES_AGGRESSIVE;
				GCC_WARN_UNUSED_FUNCTION = YES;
				GCC_WARN_UNUSED_VARIABLE = YES;
				IPHONEOS_DEPLOYMENT_TARGET = 27.0;
				LOCALIZATION_PREFERS_STRING_CATALOGS = YES;
				MTL_ENABLE_DEBUG_INFO = INCLUDE_SOURCE;
				MTL_FAST_MATH = YES;
				ONLY_ACTIVE_ARCH = YES;
				SDKROOT = iphoneos;
				SWIFT_ACTIVE_COMPILATION_CONDITIONS = "DEBUG $(inherited)";
				SWIFT_OPTIMIZATION_LEVEL = "-Onone";
			};
			name = Debug;
		};
		9496BA143077386A0006CB39 /* Release configuration for PBXProject "WalkAndTalk" */ = {
			isa = XCBuildConfiguration;
			buildSettings = {
				ALWAYS_SEARCH_USER_PATHS = NO;
				ASSETCATALOG_COMPILER_GENERATE_SWIFT_ASSET_SYMBOL_EXTENSIONS = YES;
				CLANG_ANALYZER_NONNULL = YES;
				CLANG_ANALYZER_NUMBER_OBJECT_CONVERSION = YES_AGGRESSIVE;
				CLANG_CXX_LANGUAGE_STANDARD = "gnu++20";
				CLANG_ENABLE_MODULES = YES;
				CLANG_ENABLE_OBJC_ARC = YES;
				CLANG_ENABLE_OBJC_WEAK = YES;
				CLANG_WARN_BLOCK_CAPTURE_AUTORELEASING = YES;
				CLANG_WARN_BOOL_CONVERSION = YES;
				CLANG_WARN_COMMA = YES;
				CLANG_WARN_CONSTANT_CONVERSION = YES;
				CLANG_WARN_DEPRECATED_OBJC_IMPLEMENTATIONS = YES;
				CLANG_WARN_DIRECT_OBJC_ISA_USAGE = YES_ERROR;
				CLANG_WARN_DOCUMENTATION_COMMENTS = YES;
				CLANG_WARN_EMPTY_BODY = YES;
				CLANG_WARN_ENUM_CONVERSION = YES;
				CLANG_WARN_INFINITE_RECURSION = YES;
				CLANG_WARN_INT_CONVERSION = YES;
				CLANG_WARN_NON_LITERAL_NULL_CONVERSION = YES;
				CLANG_WARN_OBJC_IMPLICIT_RETAIN_SELF = YES;
				CLANG_WARN_OBJC_LITERAL_CONVERSION = YES;
				CLANG_WARN_OBJC_ROOT_CLASS = YES_ERROR;
				CLANG_WARN_QUOTED_INCLUDE_IN_FRAMEWORK_HEADER = YES;
				CLANG_WARN_RANGE_LOOP_ANALYSIS = YES;
				CLANG_WARN_STRICT_PROTOTYPES = YES;
				CLANG_WARN_SUSPICIOUS_MOVE = YES;
				CLANG_WARN_UNGUARDED_AVAILABILITY = YES_AGGRESSIVE;
				CLANG_WARN_UNREACHABLE_CODE = YES;
				CLANG_WARN__DUPLICATE_METHOD_MATCH = YES;
				COPY_PHASE_STRIP = NO;
				DEBUG_INFORMATION_FORMAT = "dwarf-with-dsym";
				DEVELOPMENT_TEAM = HYZ2GHP9BH;
				ENABLE_NS_ASSERTIONS = NO;
				ENABLE_STRICT_OBJC_MSGSEND = YES;
				ENABLE_USER_SCRIPT_SANDBOXING = YES;
				GCC_C_LANGUAGE_STANDARD = gnu17;
				GCC_NO_COMMON_BLOCKS = YES;
				GCC_WARN_64_TO_32_BIT_CONVERSION = YES;
				GCC_WARN_ABOUT_RETURN_TYPE = YES_ERROR;
				GCC_WARN_UNDECLARED_SELECTOR = YES;
				GCC_WARN_UNINITIALIZED_AUTOS = YES_AGGRESSIVE;
				GCC_WARN_UNUSED_FUNCTION = YES;
				GCC_WARN_UNUSED_VARIABLE = YES;
				IPHONEOS_DEPLOYMENT_TARGET = 27.0;
				LOCALIZATION_PREFERS_STRING_CATALOGS = YES;
				MTL_ENABLE_DEBUG_INFO = NO;
				MTL_FAST_MATH = YES;
				SDKROOT = iphoneos;
				SWIFT_COMPILATION_MODE = wholemodule;
				VALIDATE_PRODUCT = YES;
			};
			name = Release;
		};
		9496BA163077386A0006CB39 /* Debug configuration for PBXNativeTarget "WalkAndTalk" */ = {
			isa = XCBuildConfiguration;
			buildSettings = {
				ASSETCATALOG_COMPILER_APPICON_NAME = AppIcon;
				ASSETCATALOG_COMPILER_GLOBAL_ACCENT_COLOR_NAME = AccentColor;
				CODE_SIGN_STYLE = Automatic;
				CURRENT_PROJECT_VERSION = 1;
				DEVELOPMENT_TEAM = HYZ2GHP9BH;
				ENABLE_PREVIEWS = YES;
				GENERATE_INFOPLIST_FILE = YES;
				INFOPLIST_FILE = WalkAndTalk/Info.plist;
				INFOPLIST_KEY_NSLocationAlwaysAndWhenInUseUsageDescription = "Walk-and-Talk keeps using your location while your phone is locked so stories play during your walk.";
				INFOPLIST_KEY_NSLocationWhenInUseUsageDescription = "Walk-and-Talk uses your location to play the story for each stop when you arrive.";
				INFOPLIST_KEY_UIApplicationSceneManifest_Generation = YES;
				INFOPLIST_KEY_UIApplicationSupportsIndirectInputEvents = YES;
				INFOPLIST_KEY_UILaunchScreen_Generation = YES;
				INFOPLIST_KEY_UISupportedInterfaceOrientations_iPad = "UIInterfaceOrientationPortrait UIInterfaceOrientationPortraitUpsideDown UIInterfaceOrientationLandscapeLeft UIInterfaceOrientationLandscapeRight";
				INFOPLIST_KEY_UISupportedInterfaceOrientations_iPhone = "UIInterfaceOrientationPortrait UIInterfaceOrientationLandscapeLeft UIInterfaceOrientationLandscapeRight";
				IPHONEOS_DEPLOYMENT_TARGET = 17.0;
				LD_RUNPATH_SEARCH_PATHS = (
					"$(inherited)",
					"@executable_path/Frameworks",
				);
				MARKETING_VERSION = 1.0;
				PRODUCT_BUNDLE_IDENTIFIER = com.MEGdev.WalkAndTalk;
				PRODUCT_NAME = "$(TARGET_NAME)";
				STRING_CATALOG_GENERATE_SYMBOLS = YES;
				SWIFT_APPROACHABLE_CONCURRENCY = YES;
				SWIFT_DEFAULT_ACTOR_ISOLATION = MainActor;
				SWIFT_EMIT_LOC_STRINGS = YES;
				SWIFT_UPCOMING_FEATURE_MEMBER_IMPORT_VISIBILITY = YES;
				SWIFT_VERSION = 5.0;
				TARGETED_DEVICE_FAMILY = "1,2";
			};
			name = Debug;
		};
		9496BA173077386A0006CB39 /* Release configuration for PBXNativeTarget "WalkAndTalk" */ = {
			isa = XCBuildConfiguration;
			buildSettings = {
				ASSETCATALOG_COMPILER_APPICON_NAME = AppIcon;
				ASSETCATALOG_COMPILER_GLOBAL_ACCENT_COLOR_NAME = AccentColor;
				CODE_SIGN_STYLE = Automatic;
				CURRENT_PROJECT_VERSION = 1;
				DEVELOPMENT_TEAM = HYZ2GHP9BH;
				ENABLE_PREVIEWS = YES;
				GENERATE_INFOPLIST_FILE = YES;
				INFOPLIST_FILE = WalkAndTalk/Info.plist;
				INFOPLIST_KEY_NSLocationAlwaysAndWhenInUseUsageDescription = "Walk-and-Talk keeps using your location while your phone is locked so stories play during your walk.";
				INFOPLIST_KEY_NSLocationWhenInUseUsageDescription = "Walk-and-Talk uses your location to play the story for each stop when you arrive.";
				INFOPLIST_KEY_UIApplicationSceneManifest_Generation = YES;
				INFOPLIST_KEY_UIApplicationSupportsIndirectInputEvents = YES;
				INFOPLIST_KEY_UILaunchScreen_Generation = YES;
				INFOPLIST_KEY_UISupportedInterfaceOrientations_iPad = "UIInterfaceOrientationPortrait UIInterfaceOrientationPortraitUpsideDown UIInterfaceOrientationLandscapeLeft UIInterfaceOrientationLandscapeRight";
				INFOPLIST_KEY_UISupportedInterfaceOrientations_iPhone = "UIInterfaceOrientationPortrait UIInterfaceOrientationLandscapeLeft UIInterfaceOrientationLandscapeRight";
				IPHONEOS_DEPLOYMENT_TARGET = 17.0;
				LD_RUNPATH_SEARCH_PATHS = (
					"$(inherited)",
					"@executable_path/Frameworks",
				);
				MARKETING_VERSION = 1.0;
				PRODUCT_BUNDLE_IDENTIFIER = com.MEGdev.WalkAndTalk;
				PRODUCT_NAME = "$(TARGET_NAME)";
				STRING_CATALOG_GENERATE_SYMBOLS = YES;
				SWIFT_APPROACHABLE_CONCURRENCY = YES;
				SWIFT_DEFAULT_ACTOR_ISOLATION = MainActor;
				SWIFT_EMIT_LOC_STRINGS = YES;
				SWIFT_UPCOMING_FEATURE_MEMBER_IMPORT_VISIBILITY = YES;
				SWIFT_VERSION = 5.0;
				TARGETED_DEVICE_FAMILY = "1,2";
			};
			name = Release;
		};
/* End XCBuildConfiguration section */

/* Begin XCConfigurationList section */
		7A1C0000000000000000000E /* Build configuration list for PBXNativeTarget "WalkAndTalkTests" */ = {
			isa = XCConfigurationList;
			buildConfigurations = (
				7A1C0000000000000000000F /* Debug configuration for PBXNativeTarget "WalkAndTalkTests" */,
				7A1C00000000000000000010 /* Release configuration for PBXNativeTarget "WalkAndTalkTests" */,
			);
			defaultConfigurationName = Release;
		};
		9496BA05307738690006CB39 /* Build configuration list for PBXProject "WalkAndTalk" */ = {
			isa = XCConfigurationList;
			buildConfigurations = (
				9496BA133077386A0006CB39 /* Debug configuration for PBXProject "WalkAndTalk" */,
				9496BA143077386A0006CB39 /* Release configuration for PBXProject "WalkAndTalk" */,
			);
			defaultConfigurationName = Release;
		};
		9496BA153077386A0006CB39 /* Build configuration list for PBXNativeTarget "WalkAndTalk" */ = {
			isa = XCConfigurationList;
			buildConfigurations = (
				9496BA163077386A0006CB39 /* Debug configuration for PBXNativeTarget "WalkAndTalk" */,
				9496BA173077386A0006CB39 /* Release configuration for PBXNativeTarget "WalkAndTalk" */,
			);
			defaultConfigurationName = Release;
		};
/* End XCConfigurationList section */

/* Begin XCRemoteSwiftPackageReference section */
		7A1C00000000000000000020 /* XCRemoteSwiftPackageReference "ZIPFoundation" */ = {
			isa = XCRemoteSwiftPackageReference;
			repositoryURL = "https://github.com/weichsel/ZIPFoundation";
			requirement = {
				kind = upToNextMajorVersion;
				minimumVersion = 0.9.19;
			};
		};
/* End XCRemoteSwiftPackageReference section */

/* Begin XCSwiftPackageProductDependency section */
		7A1C00000000000000000022 /* ZIPFoundation */ = {
			isa = XCSwiftPackageProductDependency;
			package = 7A1C00000000000000000020 /* XCRemoteSwiftPackageReference "ZIPFoundation" */;
			productName = ZIPFoundation;
		};
/* End XCSwiftPackageProductDependency section */
	};
	rootObject = 9496BA02307738690006CB39 /* Project object */;
	validationLevel = 1;
}
